
Microsoft Visual Studio Solution File, Format Version 12.00
# Visual Studio Version 16
VisualStudioVersion = 16.0.29806.167
MinimumVisualStudioVersion = 10.0.40219.1
Project("{FAE04EC0-301F-11D3-BF4B-00C04F79EFBC}") = "SimpleChatServer", "SimpleChatServer\SimpleChatServer.csproj", "{591B19DD-1B65-4319-8D43-4A81446C0942}"
EndProject
Project("{FAE04EC0-301F-11D3-BF4B-00C04F79EFBC}") = "SimpleChatClient", "SimpleChatClient\SimpleChatClient.csproj", "{2036F01C-2147-4E9D-A045-06B1E0B7A295}"
EndProject
Project("{FAE04EC0-301F-11D3-BF4B-00C04F79EFBC}") = "ConsoleChatclient", "ConsoleChatclient\ConsoleChatclient.csproj", "{531E2CE4-C88F-4CA7-9E2D-23561A2FEFA3}"
EndProject
Global
	GlobalSection(SolutionConfigurationPlatforms) = preSolution
		Debug|Any CPU = Debug|Any CPU
		Release|Any CPU = Release|Any CPU
	EndGlobalSection
	GlobalSection(ProjectConfigurationPlatforms) = postSolution
		{591B19DD-1B65-4319-8D43-4A81446C0942}.Debug|Any CPU.ActiveCfg = Debug|Any CPU
		{591B19DD-1B65-4319-8D43-4A81446C0942}.Debug|Any CPU.Build.0 = Debug|Any CPU
		{591B19DD-1B65-4319-8D43-4A81446C0942}.Release|Any CPU.ActiveCfg = Release|Any CPU
		{591B19DD-1B65-4319-8D43-4A81446C0942}.Release|Any CPU.Build.0 = Release|Any CPU
		{2036F01C-2147-4E9D-A045-06B1E0B7A295}.Debug|Any CPU.ActiveCfg = Debug|Any CPU
		{2036F01C-2147-4E9D-A045-06B1E0B7A295}.Debug|Any CPU.Build.0 = Debug|Any CPU
		{2036F01C-2147-4E9D-A045-06B1E0B7A295}.Release|Any CPU.ActiveCfg = Release|Any CPU
		{2036F01C-2147-4E9D-A045-06B1E0B7A295}.Release|Any CPU.Build.0 = Release|Any CPU
		{531E2CE4-C88F-4CA7-9E2D-23561A2FEFA3}.Debug|Any CPU.ActiveCfg = Debug|Any CPU
		{531E2CE4-C88F-4CA7-9E2D-23561A2FEFA3}.Debug|Any CPU.Build.0 = Debug|Any CPU
		{531E2CE4-C88F-4CA7-9E2D-23561A2FEFA3}.Release|Any CPU.ActiveCfg = Release|Any CPU
		{531E2CE4-C88F-4CA7-9E2D-23561A2FEFA3}.Release|Any CPU.Build.0 = Release|Any CPU
	EndGlobalSection
	GlobalSection(SolutionProperties) = preSolution
		HideSolutionNode = FALSE
	EndGlobalSection
	GlobalSection(ExtensibilityGlobals) = postSolution
		SolutionGuid = {73DDBDD3-C7AD-4587-9CC9-94BDBF5F56BA}
	EndGlobalSection
EndGlobal
