
Microsoft Visual Studio Solution File, Format Version 12.00
# Visual Studio Version 16
VisualStudioVersion = 16.0.29806.167
MinimumVisualStudioVersion = 10.0.40219.1
Project("{FAE04EC0-301F-11D3-BF4B-00C04F79EFBC}") = "FirstDatatemplate", "FirstDatatemplate\FirstDatatemplate.csproj", "{1146F7DA-2D52-4BB1-9961-71FEAC40A2B5}"
EndProject
Global
	GlobalSection(SolutionConfigurationPlatforms) = preSolution
		Debug|Any CPU = Debug|Any CPU
		Release|Any CPU = Release|Any CPU
	EndGlobalSection
	GlobalSection(ProjectConfigurationPlatforms) = postSolution
		{1146F7DA-2D52-4BB1-9961-71FEAC40A2B5}.Debug|Any CPU.ActiveCfg = Debug|Any CPU
		{1146F7DA-2D52-4BB1-9961-71FEAC40A2B5}.Debug|Any CPU.Build.0 = Debug|Any CPU
		{1146F7DA-2D52-4BB1-9961-71FEAC40A2B5}.Release|Any CPU.ActiveCfg = Release|Any CPU
		{1146F7DA-2D52-4BB1-9961-71FEAC40A2B5}.Release|Any CPU.Build.0 = Release|Any CPU
	EndGlobalSection
	GlobalSection(SolutionProperties) = preSolution
		HideSolutionNode = FALSE
	EndGlobalSection
	GlobalSection(ExtensibilityGlobals) = postSolution
		SolutionGuid = {81E217F3-50AB-4513-A979-8A977D0CF9FF}
	EndGlobalSection
EndGlobal
